// !$*UTF8*$!
{
	archiveVersion = 1;
	classes = {
	};
	objectVersion = 56;
	objects = {

/* Begin PBXBuildFile section */
		000ED23028FDAD010031BA02 /* AccountSummaryViewController.swift in Sources */ = {isa = PBXBuildFile; fileRef = 000ED22F28FDAD010031BA02 /* AccountSummaryViewController.swift */; };
		000ED232290011340031BA02 /* AccountSummaryHeaderVIew.swift in Sources */ = {isa = PBXBuildFile; fileRef = 000ED231290011340031BA02 /* AccountSummaryHeaderVIew.swift */; };
		000ED2342900115A0031BA02 /* AccountSummaryHeaderVIew.xib in Resources */ = {isa = PBXBuildFile; fileRef = 000ED2332900115A0031BA02 /* AccountSummaryHeaderVIew.xib */; };
		006A940A28F475D500597EAA /* AppDelegate.swift in Sources */ = {isa = PBXBuildFile; fileRef = 006A940928F475D500597EAA /* AppDelegate.swift */; };
		006A940E28F475D500597EAA /* LoginViewController.swift in Sources */ = {isa = PBXBuildFile; fileRef = 006A940D28F475D500597EAA /* LoginViewController.swift */; };
		006A941328F475D600597EAA /* Assets.xcassets in Resources */ = {isa = PBXBuildFile; fileRef = 006A941228F475D600597EAA /* Assets.xcassets */; };
		006A941628F475D600597EAA /* LaunchScreen.storyboard in Resources */ = {isa = PBXBuildFile; fileRef = 006A941428F475D600597EAA /* LaunchScreen.storyboard */; };
		006A942028F4775800597EAA /* LoginView.swift in Sources */ = {isa = PBXBuildFile; fileRef = 006A941F28F4775800597EAA /* LoginView.swift */; };
		00845DA728FAE4A500367A04 /* OnboardingContainerViewController.swift in Sources */ = {isa = PBXBuildFile; fileRef = 00845DA628FAE4A500367A04 /* OnboardingContainerViewController.swift */; };
		00845DA928FAEAEC00367A04 /* OnboardingViewController.swift in Sources */ = {isa = PBXBuildFile; fileRef = 00845DA828FAEAEC00367A04 /* OnboardingViewController.swift */; };
		00845DAB28FB077400367A04 /* DummyViewController.swift in Sources */ = {isa = PBXBuildFile; fileRef = 00845DAA28FB077400367A04 /* DummyViewController.swift */; };
		00DA776A2900217400E51AFF /* AccountSummaryCell.swift in Sources */ = {isa = PBXBuildFile; fileRef = 00DA77692900217400E51AFF /* AccountSummaryCell.swift */; };
		00DB5D7A28FC481A00B7322C /* LocalState.swift in Sources */ = {isa = PBXBuildFile; fileRef = 00DB5D7928FC481A00B7322C /* LocalState.swift */; };
		00DB5D7C28FC69DA00B7322C /* UIVIiewController+Utils.swift in Sources */ = {isa = PBXBuildFile; fileRef = 00DB5D7B28FC69DA00B7322C /* UIVIiewController+Utils.swift */; };
		00DB5D7E28FC6C0500B7322C /* MainViewController.swift in Sources */ = {isa = PBXBuildFile; fileRef = 00DB5D7D28FC6C0500B7322C /* MainViewController.swift */; };
/* End PBXBuildFile section */

/* Begin PBXFileReference section */
		000ED22F28FDAD010031BA02 /* AccountSummaryViewController.swift */ = {isa = PBXFileReference; lastKnownFileType = sourcecode.swift; path = AccountSummaryViewController.swift; sourceTree = "<group>"; };
		000ED231290011340031BA02 /* AccountSummaryHeaderVIew.swift */ = {isa = PBXFileReference; lastKnownFileType = sourcecode.swift; path = AccountSummaryHeaderVIew.swift; sourceTree = "<group>"; };
		000ED2332900115A0031BA02 /* AccountSummaryHeaderVIew.xib */ = {isa = PBXFileReference; lastKnownFileType = file.xib; path = AccountSummaryHeaderVIew.xib; sourceTree = "<group>"; };
		006A940628F475D500597EAA /* Bankey.app */ = {isa = PBXFileReference; explicitFileType = wrapper.application; includeInIndex = 0; path = Bankey.app; sourceTree = BUILT_PRODUCTS_DIR; };
		006A940928F475D500597EAA /* AppDelegate.swift */ = {isa = PBXFileReference; lastKnownFileType = sourcecode.swift; path = AppDelegate.swift; sourceTree = "<group>"; };
		006A940D28F475D500597EAA /* LoginViewController.swift */ = {isa = PBXFileReference; lastKnownFileType = sourcecode.swift; path = LoginViewController.swift; sourceTree = "<group>"; };
		006A941228F475D600597EAA /* Assets.xcassets */ = {isa = PBXFileReference; lastKnownFileType = folder.assetcatalog; path = Assets.xcassets; sourceTree = "<group>"; };
		006A941528F475D600597EAA /* Base */ = {isa = PBXFileReference; lastKnownFileType = file.storyboard; name = Base; path = Base.lproj/LaunchScreen.storyboard; sourceTree = "<group>"; };
		006A941728F475D600597EAA /* Info.plist */ = {isa = PBXFileReference; lastKnownFileType = text.plist.xml; path = Info.plist; sourceTree = "<group>"; };
		006A941F28F4775800597EAA /* LoginView.swift */ = {isa = PBXFileReference; lastKnownFileType = sourcecode.swift; path = LoginView.swift; sourceTree = "<group>"; };
		00845DA628FAE4A500367A04 /* OnboardingContainerViewController.swift */ = {isa = PBXFileReference; lastKnownFileType = sourcecode.swift; path = OnboardingContainerViewController.swift; sourceTree = "<group>"; };
		00845DA828FAEAEC00367A04 /* OnboardingViewController.swift */ = {isa = PBXFileReference; lastKnownFileType = sourcecode.swift; path = OnboardingViewController.swift; sourceTree = "<group>"; };
		00845DAA28FB077400367A04 /* DummyViewController.swift */ = {isa = PBXFileReference; lastKnownFileType = sourcecode.swift; path = DummyViewController.swift; sourceTree = "<group>"; };
		00DA77692900217400E51AFF /* AccountSummaryCell.swift */ = {isa = PBXFileReference; lastKnownFileType = sourcecode.swift; path = AccountSummaryCell.swift; sourceTree = "<group>"; };
		00DB5D7928FC481A00B7322C /* LocalState.swift */ = {isa = PBXFileReference; lastKnownFileType = sourcecode.swift; path = LocalState.swift; sourceTree = "<group>"; };
		00DB5D7B28FC69DA00B7322C /* UIVIiewController+Utils.swift */ = {isa = PBXFileReference; lastKnownFileType = sourcecode.swift; path = "UIVIiewController+Utils.swift"; sourceTree = "<group>"; };
		00DB5D7D28FC6C0500B7322C /* MainViewController.swift */ = {isa = PBXFileReference; lastKnownFileType = sourcecode.swift; path = MainViewController.swift; sourceTree = "<group>"; };
/* End PBXFileReference section */

/* Begin PBXFrameworksBuildPhase section */
		006A940328F475D500597EAA /* Frameworks */ = {
			isa = PBXFrameworksBuildPhase;
			buildActionMask = 2147483647;
			files = (
			);
			runOnlyForDeploymentPostprocessing = 0;
		};
/* End PBXFrameworksBuildPhase section */

/* Begin PBXGroup section */
		000ED22E28FDACDF0031BA02 /* AccountSummary */ = {
			isa = PBXGroup;
			children = (
				000ED22F28FDAD010031BA02 /* AccountSummaryViewController.swift */,
				00DA77672900213900E51AFF /* Header */,
				00DA77682900214F00E51AFF /* Cells */,
			);
			path = AccountSummary;
			sourceTree = "<group>";
		};
		006A93FD28F475D500597EAA = {
			isa = PBXGroup;
			children = (
				006A940828F475D500597EAA /* Bankey */,
				006A940728F475D500597EAA /* Products */,
			);
			sourceTree = "<group>";
		};
		006A940728F475D500597EAA /* Products */ = {
			isa = PBXGroup;
			children = (
				006A940628F475D500597EAA /* Bankey.app */,
			);
			name = Products;
			sourceTree = "<group>";
		};
		006A940828F475D500597EAA /* Bankey */ = {
			isa = PBXGroup;
			children = (
				006A940928F475D500597EAA /* AppDelegate.swift */,
				00DB5D7D28FC6C0500B7322C /* MainViewController.swift */,
				006A941E28F4772C00597EAA /* Login */,
				00845DA528FAE49600367A04 /* Onboarding */,
				000ED22E28FDACDF0031BA02 /* AccountSummary */,
				00DB5D7828FC480B00B7322C /* Utils */,
				006A941D28F476EF00597EAA /* Fiels */,
			);
			path = Bankey;
			sourceTree = "<group>";
		};
		006A941D28F476EF00597EAA /* Fiels */ = {
			isa = PBXGroup;
			children = (
				006A941228F475D600597EAA /* Assets.xcassets */,
				006A941428F475D600597EAA /* LaunchScreen.storyboard */,
				006A941728F475D600597EAA /* Info.plist */,
			);
			path = Fiels;
			sourceTree = "<group>";
		};
		006A941E28F4772C00597EAA /* Login */ = {
			isa = PBXGroup;
			children = (
				006A940D28F475D500597EAA /* LoginViewController.swift */,
				006A941F28F4775800597EAA /* LoginView.swift */,
				00845DAA28FB077400367A04 /* DummyViewController.swift */,
			);
			path = Login;
			sourceTree = "<group>";
		};
		00845DA528FAE49600367A04 /* Onboarding */ = {
			isa = PBXGroup;
			children = (
				00845DA628FAE4A500367A04 /* OnboardingContainerViewController.swift */,
				00845DA828FAEAEC00367A04 /* OnboardingViewController.swift */,
			);
			path = Onboarding;
			sourceTree = "<group>";
		};
		00DA77672900213900E51AFF /* Header */ = {
			isa = PBXGroup;
			children = (
				000ED231290011340031BA02 /* AccountSummaryHeaderVIew.swift */,
				000ED2332900115A0031BA02 /* AccountSummaryHeaderVIew.xib */,
			);
			path = Header;
			sourceTree = "<group>";
		};
		00DA77682900214F00E51AFF /* Cells */ = {
			isa = PBXGroup;
			children = (
				00DA77692900217400E51AFF /* AccountSummaryCell.swift */,
			);
			path = Cells;
			sourceTree = "<group>";
		};
		00DB5D7828FC480B00B7322C /* Utils */ = {
			isa = PBXGroup;
			children = (
				00DB5D7928FC481A00B7322C /* LocalState.swift */,
				00DB5D7B28FC69DA00B7322C /* UIVIiewController+Utils.swift */,
			);
			path = Utils;
			sourceTree = "<group>";
		};
/* End PBXGroup section */

/* Begin PBXNativeTarget section */
		006A940528F475D500597EAA /* Bankey */ = {
			isa = PBXNativeTarget;
			buildConfigurationList = 006A941A28F475D600597EAA /* Build configuration list for PBXNativeTarget "Bankey" */;
			buildPhases = (
				006A940228F475D500597EAA /* Sources */,
				006A940328F475D500597EAA /* Frameworks */,
				006A940428F475D500597EAA /* Resources */,
			);
			buildRules = (
			);
			dependencies = (
			);
			name = Bankey;
			productName = Bankey;
			productReference = 006A940628F475D500597EAA /* Bankey.app */;
			productType = "com.apple.product-type.application";
		};
/* End PBXNativeTarget section */

/* Begin PBXProject section */
		006A93FE28F475D500597EAA /* Project object */ = {
			isa = PBXProject;
			attributes = {
				BuildIndependentTargetsInParallel = 1;
				LastSwiftUpdateCheck = 1400;
				LastUpgradeCheck = 1400;
				TargetAttributes = {
					006A940528F475D500597EAA = {
						CreatedOnToolsVersion = 14.0;
					};
				};
			};
			buildConfigurationList = 006A940128F475D500597EAA /* Build configuration list for PBXProject "Bankey" */;
			compatibilityVersion = "Xcode 14.0";
			developmentRegion = en;
			hasScannedForEncodings = 0;
			knownRegions = (
				en,
				Base,
			);
			mainGroup = 006A93FD28F475D500597EAA;
			productRefGroup = 006A940728F475D500597EAA /* Products */;
			projectDirPath = "";
			projectRoot = "";
			targets = (
				006A940528F475D500597EAA /* Bankey */,
			);
		};
/* End PBXProject section */

/* Begin PBXResourcesBuildPhase section */
		006A940428F475D500597EAA /* Resources */ = {
			isa = PBXResourcesBuildPhase;
			buildActionMask = 2147483647;
			files = (
				000ED2342900115A0031BA02 /* AccountSummaryHeaderVIew.xib in Resources */,
				006A941628F475D600597EAA /* LaunchScreen.storyboard in Resources */,
				006A941328F475D600597EAA /* Assets.xcassets in Resources */,
			);
			runOnlyForDeploymentPostprocessing = 0;
		};
/* End PBXResourcesBuildPhase section */

/* Begin PBXSourcesBuildPhase section */
		006A940228F475D500597EAA /* Sources */ = {
			isa = PBXSourcesBuildPhase;
			buildActionMask = 2147483647;
			files = (
				006A942028F4775800597EAA /* LoginView.swift in Sources */,
				00DB5D7A28FC481A00B7322C /* LocalState.swift in Sources */,
				00DB5D7C28FC69DA00B7322C /* UIVIiewController+Utils.swift in Sources */,
				00845DAB28FB077400367A04 /* DummyViewController.swift in Sources */,
				006A940E28F475D500597EAA /* LoginViewController.swift in Sources */,
				00845DA928FAEAEC00367A04 /* OnboardingViewController.swift in Sources */,
				00DA776A2900217400E51AFF /* AccountSummaryCell.swift in Sources */,
				000ED232290011340031BA02 /* AccountSummaryHeaderVIew.swift in Sources */,
				00DB5D7E28FC6C0500B7322C /* MainViewController.swift in Sources */,
				000ED23028FDAD010031BA02 /* AccountSummaryViewController.swift in Sources */,
				006A940A28F475D500597EAA /* AppDelegate.swift in Sources */,
				00845DA728FAE4A500367A04 /* OnboardingContainerViewController.swift in Sources */,
			);
			runOnlyForDeploymentPostprocessing = 0;
		};
/* End PBXSourcesBuildPhase section */

/* Begin PBXVariantGroup section */
		006A941428F475D600597EAA /* LaunchScreen.storyboard */ = {
			isa = PBXVariantGroup;
			children = (
				006A941528F475D600597EAA /* Base */,
			);
			name = LaunchScreen.storyboard;
			sourceTree = "<group>";
		};
/* End PBXVariantGroup section */

/* Begin XCBuildConfiguration section */
		006A941828F475D600597EAA /* Debug */ = {
			isa = XCBuildConfiguration;
			buildSettings = {
				ALWAYS_SEARCH_USER_PATHS = NO;
				CLANG_ANALYZER_NONNULL = YES;
				CLANG_ANALYZER_NUMBER_OBJECT_CONVERSION = YES_AGGRESSIVE;
				CLANG_CXX_LANGUAGE_STANDARD = "gnu++20";
				CLANG_ENABLE_MODULES = YES;
				CLANG_ENABLE_OBJC_ARC = YES;
				CLANG_ENABLE_OBJC_WEAK = YES;
				CLANG_WARN_BLOCK_CAPTURE_AUTORELEASING = YES;
				CLANG_WARN_BOOL_CONVERSION = YES;
				CLANG_WARN_COMMA = YES;
				CLANG_WARN_CONSTANT_CONVERSION = YES;
				CLANG_WARN_DEPRECATED_OBJC_IMPLEMENTATIONS = YES;
				CLANG_WARN_DIRECT_OBJC_ISA_USAGE = YES_ERROR;
				CLANG_WARN_DOCUMENTATION_COMMENTS = YES;
				CLANG_WARN_EMPTY_BODY = YES;
				CLANG_WARN_ENUM_CONVERSION = YES;
				CLANG_WARN_INFINITE_RECURSION = YES;
				CLANG_WARN_INT_CONVERSION = YES;
				CLANG_WARN_NON_LITERAL_NULL_CONVERSION = YES;
				CLANG_WARN_OBJC_IMPLICIT_RETAIN_SELF = YES;
				CLANG_WARN_OBJC_LITERAL_CONVERSION = YES;
				CLANG_WARN_OBJC_ROOT_CLASS = YES_ERROR;
				CLANG_WARN_QUOTED_INCLUDE_IN_FRAMEWORK_HEADER = YES;
				CLANG_WARN_RANGE_LOOP_ANALYSIS = YES;
				CLANG_WARN_STRICT_PROTOTYPES = YES;
				CLANG_WARN_SUSPICIOUS_MOVE = YES;
				CLANG_WARN_UNGUARDED_AVAILABILITY = YES_AGGRESSIVE;
				CLANG_WARN_UNREACHABLE_CODE = YES;
				CLANG_WARN__DUPLICATE_METHOD_MATCH = YES;
				COPY_PHASE_STRIP = NO;
				DEBUG_INFORMATION_FORMAT = dwarf;
				ENABLE_STRICT_OBJC_MSGSEND = YES;
				ENABLE_TESTABILITY = YES;
				GCC_C_LANGUAGE_STANDARD = gnu11;
				GCC_DYNAMIC_NO_PIC = NO;
				GCC_NO_COMMON_BLOCKS = YES;
				GCC_OPTIMIZATION_LEVEL = 0;
				GCC_PREPROCESSOR_DEFINITIONS = (
					"DEBUG=1",
					"$(inherited)",
				);
				GCC_WARN_64_TO_32_BIT_CONVERSION = YES;
				GCC_WARN_ABOUT_RETURN_TYPE = YES_ERROR;
				GCC_WARN_UNDECLARED_SELECTOR = YES;
				GCC_WARN_UNINITIALIZED_AUTOS = YES_AGGRESSIVE;
				GCC_WARN_UNUSED_FUNCTION = YES;
				GCC_WARN_UNUSED_VARIABLE = YES;
				IPHONEOS_DEPLOYMENT_TARGET = 16.0;
				MTL_ENABLE_DEBUG_INFO = INCLUDE_SOURCE;
				MTL_FAST_MATH = YES;
				ONLY_ACTIVE_ARCH = YES;
				SDKROOT = iphoneos;
				SWIFT_ACTIVE_COMPILATION_CONDITIONS = DEBUG;
				SWIFT_OPTIMIZATION_LEVEL = "-Onone";
			};
			name = Debug;
		};
		006A941928F475D600597EAA /* Release */ = {
			isa = XCBuildConfiguration;
			buildSettings = {
				ALWAYS_SEARCH_USER_PATHS = NO;
				CLANG_ANALYZER_NONNULL = YES;
				CLANG_ANALYZER_NUMBER_OBJECT_CONVERSION = YES_AGGRESSIVE;
				CLANG_CXX_LANGUAGE_STANDARD = "gnu++20";
				CLANG_ENABLE_MODULES = YES;
				CLANG_ENABLE_OBJC_ARC = YES;
				CLANG_ENABLE_OBJC_WEAK = YES;
				CLANG_WARN_BLOCK_CAPTURE_AUTORELEASING = YES;
				CLANG_WARN_BOOL_CONVERSION = YES;
				CLANG_WARN_COMMA = YES;
				CLANG_WARN_CONSTANT_CONVERSION = YES;
				CLANG_WARN_DEPRECATED_OBJC_IMPLEMENTATIONS = YES;
				CLANG_WARN_DIRECT_OBJC_ISA_USAGE = YES_ERROR;
				CLANG_WARN_DOCUMENTATION_COMMENTS = YES;
				CLANG_WARN_EMPTY_BODY = YES;
				CLANG_WARN_ENUM_CONVERSION = YES;
				CLANG_WARN_INFINITE_RECURSION = YES;
				CLANG_WARN_INT_CONVERSION = YES;
				CLANG_WARN_NON_LITERAL_NULL_CONVERSION = YES;
				CLANG_WARN_OBJC_IMPLICIT_RETAIN_SELF = YES;
				CLANG_WARN_OBJC_LITERAL_CONVERSION = YES;
				CLANG_WARN_OBJC_ROOT_CLASS = YES_ERROR;
				CLANG_WARN_QUOTED_INCLUDE_IN_FRAMEWORK_HEADER = YES;
				CLANG_WARN_RANGE_LOOP_ANALYSIS = YES;
				CLANG_WARN_STRICT_PROTOTYPES = YES;
				CLANG_WARN_SUSPICIOUS_MOVE = YES;
				CLANG_WARN_UNGUARDED_AVAILABILITY = YES_AGGRESSIVE;
				CLANG_WARN_UNREACHABLE_CODE = YES;
				CLANG_WARN__DUPLICATE_METHOD_MATCH = YES;
				COPY_PHASE_STRIP = NO;
				DEBUG_INFORMATION_FORMAT = "dwarf-with-dsym";
				ENABLE_NS_ASSERTIONS = NO;
				ENABLE_STRICT_OBJC_MSGSEND = YES;
				GCC_C_LANGUAGE_STANDARD = gnu11;
				GCC_NO_COMMON_BLOCKS = YES;
				GCC_WARN_64_TO_32_BIT_CONVERSION = YES;
				GCC_WARN_ABOUT_RETURN_TYPE = YES_ERROR;
				GCC_WARN_UNDECLARED_SELECTOR = YES;
				GCC_WARN_UNINITIALIZED_AUTOS = YES_AGGRESSIVE;
				GCC_WARN_UNUSED_FUNCTION = YES;
				GCC_WARN_UNUSED_VARIABLE = YES;
				IPHONEOS_DEPLOYMENT_TARGET = 16.0;
				MTL_ENABLE_DEBUG_INFO = NO;
				MTL_FAST_MATH = YES;
				SDKROOT = iphoneos;
				SWIFT_COMPILATION_MODE = wholemodule;
				SWIFT_OPTIMIZATION_LEVEL = "-O";
				VALIDATE_PRODUCT = YES;
			};
			name = Release;
		};
		006A941B28F475D600597EAA /* Debug */ = {
			isa = XCBuildConfiguration;
			buildSettings = {
				ASSETCATALOG_COMPILER_APPICON_NAME = AppIcon;
				ASSETCATALOG_COMPILER_GLOBAL_ACCENT_COLOR_NAME = AccentColor;
				CODE_SIGN_STYLE = Automatic;
				CURRENT_PROJECT_VERSION = 1;
				DEVELOPMENT_TEAM = W9FSXFWG34;
				GENERATE_INFOPLIST_FILE = YES;
				INFOPLIST_FILE = Bankey/Fiels/Info.plist;
				INFOPLIST_KEY_UIApplicationSupportsIndirectInputEvents = YES;
				INFOPLIST_KEY_UILaunchStoryboardName = LaunchScreen;
				INFOPLIST_KEY_UIMainStoryboardFile = "";
				INFOPLIST_KEY_UISupportedInterfaceOrientations_iPad = "UIInterfaceOrientationPortrait UIInterfaceOrientationPortraitUpsideDown UIInterfaceOrientationLandscapeLeft UIInterfaceOrientationLandscapeRight";
				INFOPLIST_KEY_UISupportedInterfaceOrientations_iPhone = "UIInterfaceOrientationPortrait UIInterfaceOrientationLandscapeLeft UIInterfaceOrientationLandscapeRight";
				LD_RUNPATH_SEARCH_PATHS = (
					"$(inherited)",
					"@executable_path/Frameworks",
				);
				MARKETING_VERSION = 1.0;
				PRODUCT_BUNDLE_IDENTIFIER = artemorlov.Bankey;
				PRODUCT_NAME = "$(TARGET_NAME)";
				SWIFT_EMIT_LOC_STRINGS = YES;
				SWIFT_VERSION = 5.0;
				TARGETED_DEVICE_FAMILY = "1,2";
			};
			name = Debug;
		};
		006A941C28F475D600597EAA /* Release */ = {
			isa = XCBuildConfiguration;
			buildSettings = {
				ASSETCATALOG_COMPILER_APPICON_NAME = AppIcon;
				ASSETCATALOG_COMPILER_GLOBAL_ACCENT_COLOR_NAME = AccentColor;
				CODE_SIGN_STYLE = Automatic;
				CURRENT_PROJECT_VERSION = 1;
				DEVELOPMENT_TEAM = W9FSXFWG34;
				GENERATE_INFOPLIST_FILE = YES;
				INFOPLIST_FILE = Bankey/Fiels/Info.plist;
				INFOPLIST_KEY_UIApplicationSupportsIndirectInputEvents = YES;
				INFOPLIST_KEY_UILaunchStoryboardName = LaunchScreen;
				INFOPLIST_KEY_UIMainStoryboardFile = "";
				INFOPLIST_KEY_UISupportedInterfaceOrientations_iPad = "UIInterfaceOrientationPortrait UIInterfaceOrientationPortraitUpsideDown UIInterfaceOrientationLandscapeLeft UIInterfaceOrientationLandscapeRight";
				INFOPLIST_KEY_UISupportedInterfaceOrientations_iPhone = "UIInterfaceOrientationPortrait UIInterfaceOrientationLandscapeLeft UIInterfaceOrientationLandscapeRight";
				LD_RUNPATH_SEARCH_PATHS = (
					"$(inherited)",
					"@executable_path/Frameworks",
				);
				MARKETING_VERSION = 1.0;
				PRODUCT_BUNDLE_IDENTIFIER = artemorlov.Bankey;
				PRODUCT_NAME = "$(TARGET_NAME)";
				SWIFT_EMIT_LOC_STRINGS = YES;
				SWIFT_VERSION = 5.0;
				TARGETED_DEVICE_FAMILY = "1,2";
			};
			name = Release;
		};
/* End XCBuildConfiguration section */

/* Begin XCConfigurationList section */
		006A940128F475D500597EAA /* Build configuration list for PBXProject "Bankey" */ = {
			isa = XCConfigurationList;
			buildConfigurations = (
				006A941828F475D600597EAA /* Debug */,
				006A941928F475D600597EAA /* Release */,
			);
			defaultConfigurationIsVisible = 0;
			defaultConfigurationName = Release;
		};
		006A941A28F475D600597EAA /* Build configuration list for PBXNativeTarget "Bankey" */ = {
			isa = XCConfigurationList;
			buildConfigurations = (
				006A941B28F475D600597EAA /* Debug */,
				006A941C28F475D600597EAA /* Release */,
			);
			defaultConfigurationIsVisible = 0;
			defaultConfigurationName = Release;
		};
/* End XCConfigurationList section */
	};
	rootObject = 006A93FE28F475D500597EAA /* Project object */;
}
